
Microsoft Visual Studio Solution File, Format Version 12.00
# Visual Studio 15
VisualStudioVersion = 15.0.26124.0
MinimumVisualStudioVersion = 15.0.26124.0
Project("{FAE04EC0-301F-11D3-BF4B-00C04F79EFBC}") = "Domain", "Domain\Domain.csproj", "{65F0BD31-AA52-4DD3-B50B-2E79D0A36DEE}"
EndProject
Project("{FAE04EC0-301F-11D3-BF4B-00C04F79EFBC}") = "Application", "Application\Application.csproj", "{A5E1A5E3-06ED-45DF-AAC2-9D98FA91D522}"
EndProject
Project("{FAE04EC0-301F-11D3-BF4B-00C04F79EFBC}") = "Persistence", "Persistence\Persistence.csproj", "{640D1A33-C4F4-4C19-84C4-31712C6CE2A8}"
EndProject
Project("{FAE04EC0-301F-11D3-BF4B-00C04F79EFBC}") = "API", "API\API.csproj", "{720CA817-27EE-45F6-A3F6-E841CAEB9592}"
EndProject
Global
	GlobalSection(SolutionConfigurationPlatforms) = preSolution
		Debug|Any CPU = Debug|Any CPU
		Debug|x64 = Debug|x64
		Debug|x86 = Debug|x86
		Release|Any CPU = Release|Any CPU
		Release|x64 = Release|x64
		Release|x86 = Release|x86
	EndGlobalSection
	GlobalSection(SolutionProperties) = preSolution
		HideSolutionNode = FALSE
	EndGlobalSection
	GlobalSection(ProjectConfigurationPlatforms) = postSolution
		{65F0BD31-AA52-4DD3-B50B-2E79D0A36DEE}.Debug|Any CPU.ActiveCfg = Debug|Any CPU
		{65F0BD31-AA52-4DD3-B50B-2E79D0A36DEE}.Debug|Any CPU.Build.0 = Debug|Any CPU
		{65F0BD31-AA52-4DD3-B50B-2E79D0A36DEE}.Debug|x64.ActiveCfg = Debug|Any CPU
		{65F0BD31-AA52-4DD3-B50B-2E79D0A36DEE}.Debug|x64.Build.0 = Debug|Any CPU
		{65F0BD31-AA52-4DD3-B50B-2E79D0A36DEE}.Debug|x86.ActiveCfg = Debug|Any CPU
		{65F0BD31-AA52-4DD3-B50B-2E79D0A36DEE}.Debug|x86.Build.0 = Debug|Any CPU
		{65F0BD31-AA52-4DD3-B50B-2E79D0A36DEE}.Release|Any CPU.ActiveCfg = Release|Any CPU
		{65F0BD31-AA52-4DD3-B50B-2E79D0A36DEE}.Release|Any CPU.Build.0 = Release|Any CPU
		{65F0BD31-AA52-4DD3-B50B-2E79D0A36DEE}.Release|x64.ActiveCfg = Release|Any CPU
		{65F0BD31-AA52-4DD3-B50B-2E79D0A36DEE}.Release|x64.Build.0 = Release|Any CPU
		{65F0BD31-AA52-4DD3-B50B-2E79D0A36DEE}.Release|x86.ActiveCfg = Release|Any CPU
		{65F0BD31-AA52-4DD3-B50B-2E79D0A36DEE}.Release|x86.Build.0 = Release|Any CPU
		{A5E1A5E3-06ED-45DF-AAC2-9D98FA91D522}.Debug|Any CPU.ActiveCfg = Debug|Any CPU
		{A5E1A5E3-06ED-45DF-AAC2-9D98FA91D522}.Debug|Any CPU.Build.0 = Debug|Any CPU
		{A5E1A5E3-06ED-45DF-AAC2-9D98FA91D522}.Debug|x64.ActiveCfg = Debug|Any CPU
		{A5E1A5E3-06ED-45DF-AAC2-9D98FA91D522}.Debug|x64.Build.0 = Debug|Any CPU
		{A5E1A5E3-06ED-45DF-AAC2-9D98FA91D522}.Debug|x86.ActiveCfg = Debug|Any CPU
		{A5E1A5E3-06ED-45DF-AAC2-9D98FA91D522}.Debug|x86.Build.0 = Debug|Any CPU
		{A5E1A5E3-06ED-45DF-AAC2-9D98FA91D522}.Release|Any CPU.ActiveCfg = Release|Any CPU
		{A5E1A5E3-06ED-45DF-AAC2-9D98FA91D522}.Release|Any CPU.Build.0 = Release|Any CPU
		{A5E1A5E3-06ED-45DF-AAC2-9D98FA91D522}.Release|x64.ActiveCfg = Release|Any CPU
		{A5E1A5E3-06ED-45DF-AAC2-9D98FA91D522}.Release|x64.Build.0 = Release|Any CPU
		{A5E1A5E3-06ED-45DF-AAC2-9D98FA91D522}.Release|x86.ActiveCfg = Release|Any CPU
		{A5E1A5E3-06ED-45DF-AAC2-9D98FA91D522}.Release|x86.Build.0 = Release|Any CPU
		{640D1A33-C4F4-4C19-84C4-31712C6CE2A8}.Debug|Any CPU.ActiveCfg = Debug|Any CPU
		{640D1A33-C4F4-4C19-84C4-31712C6CE2A8}.Debug|Any CPU.Build.0 = Debug|Any CPU
		{640D1A33-C4F4-4C19-84C4-31712C6CE2A8}.Debug|x64.ActiveCfg = Debug|Any CPU
		{640D1A33-C4F4-4C19-84C4-31712C6CE2A8}.Debug|x64.Build.0 = Debug|Any CPU
		{640D1A33-C4F4-4C19-84C4-31712C6CE2A8}.Debug|x86.ActiveCfg = Debug|Any CPU
		{640D1A33-C4F4-4C19-84C4-31712C6CE2A8}.Debug|x86.Build.0 = Debug|Any CPU
		{640D1A33-C4F4-4C19-84C4-31712C6CE2A8}.Release|Any CPU.ActiveCfg = Release|Any CPU
		{640D1A33-C4F4-4C19-84C4-31712C6CE2A8}.Release|Any CPU.Build.0 = Release|Any CPU
		{640D1A33-C4F4-4C19-84C4-31712C6CE2A8}.Release|x64.ActiveCfg = Release|Any CPU
		{640D1A33-C4F4-4C19-84C4-31712C6CE2A8}.Release|x64.Build.0 = Release|Any CPU
		{640D1A33-C4F4-4C19-84C4-31712C6CE2A8}.Release|x86.ActiveCfg = Release|Any CPU
		{640D1A33-C4F4-4C19-84C4-31712C6CE2A8}.Release|x86.Build.0 = Release|Any CPU
		{720CA817-27EE-45F6-A3F6-E841CAEB9592}.Debug|Any CPU.ActiveCfg = Debug|Any CPU
		{720CA817-27EE-45F6-A3F6-E841CAEB9592}.Debug|Any CPU.Build.0 = Debug|Any CPU
		{720CA817-27EE-45F6-A3F6-E841CAEB9592}.Debug|x64.ActiveCfg = Debug|Any CPU
		{720CA817-27EE-45F6-A3F6-E841CAEB9592}.Debug|x64.Build.0 = Debug|Any CPU
		{720CA817-27EE-45F6-A3F6-E841CAEB9592}.Debug|x86.ActiveCfg = Debug|Any CPU
		{720CA817-27EE-45F6-A3F6-E841CAEB9592}.Debug|x86.Build.0 = Debug|Any CPU
		{720CA817-27EE-45F6-A3F6-E841CAEB9592}.Release|Any CPU.ActiveCfg = Release|Any CPU
		{720CA817-27EE-45F6-A3F6-E841CAEB9592}.Release|Any CPU.Build.0 = Release|Any CPU
		{720CA817-27EE-45F6-A3F6-E841CAEB9592}.Release|x64.ActiveCfg = Release|Any CPU
		{720CA817-27EE-45F6-A3F6-E841CAEB9592}.Release|x64.Build.0 = Release|Any CPU
		{720CA817-27EE-45F6-A3F6-E841CAEB9592}.Release|x86.ActiveCfg = Release|Any CPU
		{720CA817-27EE-45F6-A3F6-E841CAEB9592}.Release|x86.Build.0 = Release|Any CPU
	EndGlobalSection
EndGlobal
